
Microsoft Visual Studio Solution File, Format Version 12.00
# Visual Studio 15
VisualStudioVersion = 15.0.27428.2027
MinimumVisualStudioVersion = 10.0.40219.1
Project("{FAE04EC0-301F-11D3-BF4B-00C04F79EFBC}") = "Postulate.Lite.Core", "Postulate.Lite.Core\Postulate.Lite.Core.csproj", "{46BAEC9F-C26F-4B03-B3B0-EFBEDE6FCBCF}"
EndProject
Project("{FAE04EC0-301F-11D3-BF4B-00C04F79EFBC}") = "Postulate.Lite.SqlServer", "Postulate.Lite.SqlServer\Postulate.Lite.SqlServer.csproj", "{16DF2079-2FF6-4C92-BE93-B237B2BBDBA1}"
EndProject
Project("{FAE04EC0-301F-11D3-BF4B-00C04F79EFBC}") = "Tests", "Tests\Tests.csproj", "{96D14C5C-1C80-4EEC-A3F9-F9E456702C04}"
EndProject
Project("{FAE04EC0-301F-11D3-BF4B-00C04F79EFBC}") = "Postulate.Lite.MySql", "Postulate.Lite.MySql\Postulate.Lite.MySql.csproj", "{00FD3A3B-514F-415E-8F34-500E3DCAC43E}"
EndProject
Global
	GlobalSection(SolutionConfigurationPlatforms) = preSolution
		Debug|Any CPU = Debug|Any CPU
		Release|Any CPU = Release|Any CPU
	EndGlobalSection
	GlobalSection(ProjectConfigurationPlatforms) = postSolution
		{46BAEC9F-C26F-4B03-B3B0-EFBEDE6FCBCF}.Debug|Any CPU.ActiveCfg = Debug|Any CPU
		{46BAEC9F-C26F-4B03-B3B0-EFBEDE6FCBCF}.Debug|Any CPU.Build.0 = Debug|Any CPU
		{46BAEC9F-C26F-4B03-B3B0-EFBEDE6FCBCF}.Release|Any CPU.ActiveCfg = Release|Any CPU
		{46BAEC9F-C26F-4B03-B3B0-EFBEDE6FCBCF}.Release|Any CPU.Build.0 = Release|Any CPU
		{16DF2079-2FF6-4C92-BE93-B237B2BBDBA1}.Debug|Any CPU.ActiveCfg = Debug|Any CPU
		{16DF2079-2FF6-4C92-BE93-B237B2BBDBA1}.Debug|Any CPU.Build.0 = Debug|Any CPU
		{16DF2079-2FF6-4C92-BE93-B237B2BBDBA1}.Release|Any CPU.ActiveCfg = Release|Any CPU
		{16DF2079-2FF6-4C92-BE93-B237B2BBDBA1}.Release|Any CPU.Build.0 = Release|Any CPU
		{96D14C5C-1C80-4EEC-A3F9-F9E456702C04}.Debug|Any CPU.ActiveCfg = Debug|Any CPU
		{96D14C5C-1C80-4EEC-A3F9-F9E456702C04}.Debug|Any CPU.Build.0 = Debug|Any CPU
		{96D14C5C-1C80-4EEC-A3F9-F9E456702C04}.Release|Any CPU.ActiveCfg = Release|Any CPU
		{96D14C5C-1C80-4EEC-A3F9-F9E456702C04}.Release|Any CPU.Build.0 = Release|Any CPU
		{00FD3A3B-514F-415E-8F34-500E3DCAC43E}.Debug|Any CPU.ActiveCfg = Debug|Any CPU
		{00FD3A3B-514F-415E-8F34-500E3DCAC43E}.Debug|Any CPU.Build.0 = Debug|Any CPU
		{00FD3A3B-514F-415E-8F34-500E3DCAC43E}.Release|Any CPU.ActiveCfg = Release|Any CPU
		{00FD3A3B-514F-415E-8F34-500E3DCAC43E}.Release|Any CPU.Build.0 = Release|Any CPU
	EndGlobalSection
	GlobalSection(SolutionProperties) = preSolution
		HideSolutionNode = FALSE
	EndGlobalSection
	GlobalSection(ExtensibilityGlobals) = postSolution
		SolutionGuid = {A09B0287-380C-4967-AD81-BC73102AE89C}
	EndGlobalSection
EndGlobal
